
Microsoft Visual Studio Solution File, Format Version 12.00
# Visual Studio Version 16
VisualStudioVersion = 16.0.29613.14
MinimumVisualStudioVersion = 10.0.40219.1
Project("{9A19103F-16F7-4668-BE54-9A1E7A4F7556}") = "SustainAndGain", "SustainAndGain\SustainAndGain.csproj", "{A1C39C2E-3239-4259-A3AE-19FAA8F62493}"
EndProject
Project("{00D1A9C2-B5F0-4AF3-8072-F6C62B433612}") = "SustainAndGainDB", "SustainAndGainDB\SustainAndGainDB.sqlproj", "{13C7C31D-22AB-4333-8E10-76BDEA9F46C7}"
EndProject
Global
	GlobalSection(SolutionConfigurationPlatforms) = preSolution
		Debug|Any CPU = Debug|Any CPU
		Release|Any CPU = Release|Any CPU
	EndGlobalSection
	GlobalSection(ProjectConfigurationPlatforms) = postSolution
		{A1C39C2E-3239-4259-A3AE-19FAA8F62493}.Debug|Any CPU.ActiveCfg = Debug|Any CPU
		{A1C39C2E-3239-4259-A3AE-19FAA8F62493}.Debug|Any CPU.Build.0 = Debug|Any CPU
		{A1C39C2E-3239-4259-A3AE-19FAA8F62493}.Release|Any CPU.ActiveCfg = Release|Any CPU
		{A1C39C2E-3239-4259-A3AE-19FAA8F62493}.Release|Any CPU.Build.0 = Release|Any CPU
		{13C7C31D-22AB-4333-8E10-76BDEA9F46C7}.Debug|Any CPU.ActiveCfg = Debug|Any CPU
		{13C7C31D-22AB-4333-8E10-76BDEA9F46C7}.Debug|Any CPU.Build.0 = Debug|Any CPU
		{13C7C31D-22AB-4333-8E10-76BDEA9F46C7}.Debug|Any CPU.Deploy.0 = Debug|Any CPU
		{13C7C31D-22AB-4333-8E10-76BDEA9F46C7}.Release|Any CPU.ActiveCfg = Release|Any CPU
		{13C7C31D-22AB-4333-8E10-76BDEA9F46C7}.Release|Any CPU.Build.0 = Release|Any CPU
		{13C7C31D-22AB-4333-8E10-76BDEA9F46C7}.Release|Any CPU.Deploy.0 = Release|Any CPU
	EndGlobalSection
	GlobalSection(SolutionProperties) = preSolution
		HideSolutionNode = FALSE
	EndGlobalSection
	GlobalSection(ExtensibilityGlobals) = postSolution
		SolutionGuid = {692EE25E-D0A9-4AD4-843B-9828963810C2}
	EndGlobalSection
EndGlobal
